
Microsoft Visual Studio Solution File, Format Version 12.00
# Visual Studio Version 17
VisualStudioVersion = 17.0.31903.59
MinimumVisualStudioVersion = 10.0.40219.1
Project("{FAE04EC0-301F-11D3-BF4B-00C04F79EFBC}") = "Sureserve.Dataflows.Router", "Sureserve.Dataflows.Router\Sureserve.Dataflows.Router.csproj", "{9C608408-497C-49A0-8226-3F3FE71C19B5}"
EndProject
Project("{2150E333-8FDC-42A3-9474-1A3956D46DE8}") = "Deployment", "Deployment", "{0E9E0DD7-3DE6-4841-9610-F634BBE19FEA}"
	ProjectSection(SolutionItems) = preProject
		Deployment\azure-pipelines-dev.yml = Deployment\azure-pipelines-dev.yml
		Deployment\azure-pipelines-prod.yml = Deployment\azure-pipelines-prod.yml
		Deployment\azure-pipelines-qa.yml = Deployment\azure-pipelines-qa.yml
		Deployment\Dockerfile = Deployment\Dockerfile
		Deployment\nuget.config = Deployment\nuget.config
		Deployment\nuget.dev.config = Deployment\nuget.dev.config
	EndProjectSection
EndProject
Project("{FAE04EC0-301F-11D3-BF4B-00C04F79EFBC}") = "Sureserve.Dataflows.Router.Tests", "Sureserve.Dataflows.Router.Tests\Sureserve.Dataflows.Router.Tests.csproj", "{D0D0624E-2C54-4159-B75C-D0980CE6F813}"
EndProject
Global
	GlobalSection(SolutionConfigurationPlatforms) = preSolution
		Debug|Any CPU = Debug|Any CPU
		Debug|x64 = Debug|x64
		Debug|x86 = Debug|x86
		Release|Any CPU = Release|Any CPU
		Release|x64 = Release|x64
		Release|x86 = Release|x86
	EndGlobalSection
	GlobalSection(ProjectConfigurationPlatforms) = postSolution
		{9C608408-497C-49A0-8226-3F3FE71C19B5}.Debug|Any CPU.ActiveCfg = Debug|Any CPU
		{9C608408-497C-49A0-8226-3F3FE71C19B5}.Debug|Any CPU.Build.0 = Debug|Any CPU
		{9C608408-497C-49A0-8226-3F3FE71C19B5}.Debug|x64.ActiveCfg = Debug|Any CPU
		{9C608408-497C-49A0-8226-3F3FE71C19B5}.Debug|x64.Build.0 = Debug|Any CPU
		{9C608408-497C-49A0-8226-3F3FE71C19B5}.Debug|x86.ActiveCfg = Debug|Any CPU
		{9C608408-497C-49A0-8226-3F3FE71C19B5}.Debug|x86.Build.0 = Debug|Any CPU
		{9C608408-497C-49A0-8226-3F3FE71C19B5}.Release|Any CPU.ActiveCfg = Release|Any CPU
		{9C608408-497C-49A0-8226-3F3FE71C19B5}.Release|Any CPU.Build.0 = Release|Any CPU
		{9C608408-497C-49A0-8226-3F3FE71C19B5}.Release|x64.ActiveCfg = Release|Any CPU
		{9C608408-497C-49A0-8226-3F3FE71C19B5}.Release|x64.Build.0 = Release|Any CPU
		{9C608408-497C-49A0-8226-3F3FE71C19B5}.Release|x86.ActiveCfg = Release|Any CPU
		{9C608408-497C-49A0-8226-3F3FE71C19B5}.Release|x86.Build.0 = Release|Any CPU
		{D0D0624E-2C54-4159-B75C-D0980CE6F813}.Debug|Any CPU.ActiveCfg = Debug|Any CPU
		{D0D0624E-2C54-4159-B75C-D0980CE6F813}.Debug|Any CPU.Build.0 = Debug|Any CPU
		{D0D0624E-2C54-4159-B75C-D0980CE6F813}.Debug|x64.ActiveCfg = Debug|Any CPU
		{D0D0624E-2C54-4159-B75C-D0980CE6F813}.Debug|x64.Build.0 = Debug|Any CPU
		{D0D0624E-2C54-4159-B75C-D0980CE6F813}.Debug|x86.ActiveCfg = Debug|Any CPU
		{D0D0624E-2C54-4159-B75C-D0980CE6F813}.Debug|x86.Build.0 = Debug|Any CPU
		{D0D0624E-2C54-4159-B75C-D0980CE6F813}.Release|Any CPU.ActiveCfg = Release|Any CPU
		{D0D0624E-2C54-4159-B75C-D0980CE6F813}.Release|Any CPU.Build.0 = Release|Any CPU
		{D0D0624E-2C54-4159-B75C-D0980CE6F813}.Release|x64.ActiveCfg = Release|Any CPU
		{D0D0624E-2C54-4159-B75C-D0980CE6F813}.Release|x64.Build.0 = Release|Any CPU
		{D0D0624E-2C54-4159-B75C-D0980CE6F813}.Release|x86.ActiveCfg = Release|Any CPU
		{D0D0624E-2C54-4159-B75C-D0980CE6F813}.Release|x86.Build.0 = Release|Any CPU
	EndGlobalSection
	GlobalSection(SolutionProperties) = preSolution
		HideSolutionNode = FALSE
	EndGlobalSection
EndGlobal
